
Microsoft Visual Studio Solution File, Format Version 12.00
# Visual Studio 14
VisualStudioVersion = 14.0.25420.1
MinimumVisualStudioVersion = 10.0.40219.1
Project("{2150E333-8FDC-42A3-9474-1A3956D46DE8}") = "Engine", "Engine", "{49BBFE9E-3C40-4CD3-A7A6-F04082557F50}"
EndProject
Project("{2150E333-8FDC-42A3-9474-1A3956D46DE8}") = "Games", "Games", "{A4B76227-326C-4FA1-B57E-6F51FEA53036}"
EndProject
Project("{8BC9CEB8-8B4A-11D0-8D11-00A0C91BC942}") = "UE4", "Intermediate\ProjectFiles\UE4.vcxproj", "{2AE56B3E-FBD4-4D51-B4CE-E323A357B36F}"
EndProject
Project("{8BC9CEB8-8B4A-11D0-8D11-00A0C91BC942}") = "Stoopid_FPS", "Intermediate\ProjectFiles\Stoopid_FPS.vcxproj", "{6D3F0A68-6A1C-4CF0-AA2F-50197DAF125C}"
EndProject
Global
	GlobalSection(SolutionConfigurationPlatforms) = preSolution
		DebugGame Editor|HTML5 = DebugGame Editor|HTML5
		DebugGame Editor|Win32 = DebugGame Editor|Win32
		DebugGame Editor|Win64 = DebugGame Editor|Win64
		DebugGame|HTML5 = DebugGame|HTML5
		DebugGame|Win32 = DebugGame|Win32
		DebugGame|Win64 = DebugGame|Win64
		Development Editor|HTML5 = Development Editor|HTML5
		Development Editor|Win32 = Development Editor|Win32
		Development Editor|Win64 = Development Editor|Win64
		Development|HTML5 = Development|HTML5
		Development|Win32 = Development|Win32
		Development|Win64 = Development|Win64
		Shipping|HTML5 = Shipping|HTML5
		Shipping|Win32 = Shipping|Win32
		Shipping|Win64 = Shipping|Win64
	EndGlobalSection
	GlobalSection(ProjectConfigurationPlatforms) = postSolution
		{2AE56B3E-FBD4-4D51-B4CE-E323A357B36F}.DebugGame Editor|HTML5.ActiveCfg = BuiltWithUnrealBuildTool|Win32
		{2AE56B3E-FBD4-4D51-B4CE-E323A357B36F}.DebugGame Editor|HTML5.Build.0 = BuiltWithUnrealBuildTool|Win32
		{2AE56B3E-FBD4-4D51-B4CE-E323A357B36F}.DebugGame Editor|Win32.ActiveCfg = BuiltWithUnrealBuildTool|Win32
		{2AE56B3E-FBD4-4D51-B4CE-E323A357B36F}.DebugGame Editor|Win32.Build.0 = BuiltWithUnrealBuildTool|Win32
		{2AE56B3E-FBD4-4D51-B4CE-E323A357B36F}.DebugGame Editor|Win64.ActiveCfg = BuiltWithUnrealBuildTool|Win32
		{2AE56B3E-FBD4-4D51-B4CE-E323A357B36F}.DebugGame Editor|Win64.Build.0 = BuiltWithUnrealBuildTool|Win32
		{2AE56B3E-FBD4-4D51-B4CE-E323A357B36F}.DebugGame|HTML5.ActiveCfg = BuiltWithUnrealBuildTool|Win32
		{2AE56B3E-FBD4-4D51-B4CE-E323A357B36F}.DebugGame|HTML5.Build.0 = BuiltWithUnrealBuildTool|Win32
		{2AE56B3E-FBD4-4D51-B4CE-E323A357B36F}.DebugGame|Win32.ActiveCfg = BuiltWithUnrealBuildTool|Win32
		{2AE56B3E-FBD4-4D51-B4CE-E323A357B36F}.DebugGame|Win32.Build.0 = BuiltWithUnrealBuildTool|Win32
		{2AE56B3E-FBD4-4D51-B4CE-E323A357B36F}.DebugGame|Win64.ActiveCfg = BuiltWithUnrealBuildTool|Win32
		{2AE56B3E-FBD4-4D51-B4CE-E323A357B36F}.DebugGame|Win64.Build.0 = BuiltWithUnrealBuildTool|Win32
		{2AE56B3E-FBD4-4D51-B4CE-E323A357B36F}.Development Editor|HTML5.ActiveCfg = BuiltWithUnrealBuildTool|Win32
		{2AE56B3E-FBD4-4D51-B4CE-E323A357B36F}.Development Editor|HTML5.Build.0 = BuiltWithUnrealBuildTool|Win32
		{2AE56B3E-FBD4-4D51-B4CE-E323A357B36F}.Development Editor|Win32.ActiveCfg = BuiltWithUnrealBuildTool|Win32
		{2AE56B3E-FBD4-4D51-B4CE-E323A357B36F}.Development Editor|Win32.Build.0 = BuiltWithUnrealBuildTool|Win32
		{2AE56B3E-FBD4-4D51-B4CE-E323A357B36F}.Development Editor|Win64.ActiveCfg = BuiltWithUnrealBuildTool|Win32
		{2AE56B3E-FBD4-4D51-B4CE-E323A357B36F}.Development Editor|Win64.Build.0 = BuiltWithUnrealBuildTool|Win32
		{2AE56B3E-FBD4-4D51-B4CE-E323A357B36F}.Development|HTML5.ActiveCfg = BuiltWithUnrealBuildTool|Win32
		{2AE56B3E-FBD4-4D51-B4CE-E323A357B36F}.Development|HTML5.Build.0 = BuiltWithUnrealBuildTool|Win32
		{2AE56B3E-FBD4-4D51-B4CE-E323A357B36F}.Development|Win32.ActiveCfg = BuiltWithUnrealBuildTool|Win32
		{2AE56B3E-FBD4-4D51-B4CE-E323A357B36F}.Development|Win32.Build.0 = BuiltWithUnrealBuildTool|Win32
		{2AE56B3E-FBD4-4D51-B4CE-E323A357B36F}.Development|Win64.ActiveCfg = BuiltWithUnrealBuildTool|Win32
		{2AE56B3E-FBD4-4D51-B4CE-E323A357B36F}.Development|Win64.Build.0 = BuiltWithUnrealBuildTool|Win32
		{2AE56B3E-FBD4-4D51-B4CE-E323A357B36F}.Shipping|HTML5.ActiveCfg = BuiltWithUnrealBuildTool|Win32
		{2AE56B3E-FBD4-4D51-B4CE-E323A357B36F}.Shipping|HTML5.Build.0 = BuiltWithUnrealBuildTool|Win32
		{2AE56B3E-FBD4-4D51-B4CE-E323A357B36F}.Shipping|Win32.ActiveCfg = BuiltWithUnrealBuildTool|Win32
		{2AE56B3E-FBD4-4D51-B4CE-E323A357B36F}.Shipping|Win32.Build.0 = BuiltWithUnrealBuildTool|Win32
		{2AE56B3E-FBD4-4D51-B4CE-E323A357B36F}.Shipping|Win64.ActiveCfg = BuiltWithUnrealBuildTool|Win32
		{2AE56B3E-FBD4-4D51-B4CE-E323A357B36F}.Shipping|Win64.Build.0 = BuiltWithUnrealBuildTool|Win32
		{6D3F0A68-6A1C-4CF0-AA2F-50197DAF125C}.DebugGame Editor|HTML5.ActiveCfg = HTML5_DebugGame_Editor|Win32
		{6D3F0A68-6A1C-4CF0-AA2F-50197DAF125C}.DebugGame Editor|Win32.ActiveCfg = DebugGame_Editor|Win32
		{6D3F0A68-6A1C-4CF0-AA2F-50197DAF125C}.DebugGame Editor|Win64.ActiveCfg = DebugGame_Editor|x64
		{6D3F0A68-6A1C-4CF0-AA2F-50197DAF125C}.DebugGame Editor|Win64.Build.0 = DebugGame_Editor|x64
		{6D3F0A68-6A1C-4CF0-AA2F-50197DAF125C}.DebugGame|HTML5.ActiveCfg = HTML5_DebugGame_Game|Win32
		{6D3F0A68-6A1C-4CF0-AA2F-50197DAF125C}.DebugGame|HTML5.Build.0 = HTML5_DebugGame_Game|Win32
		{6D3F0A68-6A1C-4CF0-AA2F-50197DAF125C}.DebugGame|Win32.ActiveCfg = DebugGame_Game|Win32
		{6D3F0A68-6A1C-4CF0-AA2F-50197DAF125C}.DebugGame|Win32.Build.0 = DebugGame_Game|Win32
		{6D3F0A68-6A1C-4CF0-AA2F-50197DAF125C}.DebugGame|Win64.ActiveCfg = DebugGame_Game|x64
		{6D3F0A68-6A1C-4CF0-AA2F-50197DAF125C}.DebugGame|Win64.Build.0 = DebugGame_Game|x64
		{6D3F0A68-6A1C-4CF0-AA2F-50197DAF125C}.Development Editor|HTML5.ActiveCfg = HTML5_Development_Editor|Win32
		{6D3F0A68-6A1C-4CF0-AA2F-50197DAF125C}.Development Editor|Win32.ActiveCfg = Development_Editor|Win32
		{6D3F0A68-6A1C-4CF0-AA2F-50197DAF125C}.Development Editor|Win64.ActiveCfg = Development_Editor|x64
		{6D3F0A68-6A1C-4CF0-AA2F-50197DAF125C}.Development Editor|Win64.Build.0 = Development_Editor|x64
		{6D3F0A68-6A1C-4CF0-AA2F-50197DAF125C}.Development|HTML5.ActiveCfg = HTML5_Development_Game|Win32
		{6D3F0A68-6A1C-4CF0-AA2F-50197DAF125C}.Development|HTML5.Build.0 = HTML5_Development_Game|Win32
		{6D3F0A68-6A1C-4CF0-AA2F-50197DAF125C}.Development|Win32.ActiveCfg = Development_Game|Win32
		{6D3F0A68-6A1C-4CF0-AA2F-50197DAF125C}.Development|Win32.Build.0 = Development_Game|Win32
		{6D3F0A68-6A1C-4CF0-AA2F-50197DAF125C}.Development|Win64.ActiveCfg = Development_Game|x64
		{6D3F0A68-6A1C-4CF0-AA2F-50197DAF125C}.Development|Win64.Build.0 = Development_Game|x64
		{6D3F0A68-6A1C-4CF0-AA2F-50197DAF125C}.Shipping|HTML5.ActiveCfg = HTML5_Shipping_Game|Win32
		{6D3F0A68-6A1C-4CF0-AA2F-50197DAF125C}.Shipping|HTML5.Build.0 = HTML5_Shipping_Game|Win32
		{6D3F0A68-6A1C-4CF0-AA2F-50197DAF125C}.Shipping|Win32.ActiveCfg = Shipping_Game|Win32
		{6D3F0A68-6A1C-4CF0-AA2F-50197DAF125C}.Shipping|Win32.Build.0 = Shipping_Game|Win32
		{6D3F0A68-6A1C-4CF0-AA2F-50197DAF125C}.Shipping|Win64.ActiveCfg = Shipping_Game|x64
		{6D3F0A68-6A1C-4CF0-AA2F-50197DAF125C}.Shipping|Win64.Build.0 = Shipping_Game|x64
	EndGlobalSection
	GlobalSection(SolutionProperties) = preSolution
		HideSolutionNode = FALSE
	EndGlobalSection
	GlobalSection(NestedProjects) = preSolution
		{2AE56B3E-FBD4-4D51-B4CE-E323A357B36F} = {49BBFE9E-3C40-4CD3-A7A6-F04082557F50}
		{6D3F0A68-6A1C-4CF0-AA2F-50197DAF125C} = {A4B76227-326C-4FA1-B57E-6F51FEA53036}
	EndGlobalSection
EndGlobal
